// !$*UTF8*$!
{
	archiveVersion = 1;
	classes = {
	};
	objectVersion = 48;
	objects = {

/* Begin PBXBuildFile section */
		88DC5A5E1FE9003E00425BDA /* main.c in Sources */ = {isa = PBXBuildFile; fileRef = 88DC5A5C1FE9003E00425BDA /* main.c */; settings = {COMPILER_FLAGS = "-x objective-c"; }; };
		88DC5A621FEA57D100425BDA /* Cocoa.framework in Frameworks */ = {isa = PBXBuildFile; fileRef = 88DC5A611FEA57D100425BDA /* Cocoa.framework */; };
		88DC5A641FEA57D800425BDA /* Foundation.framework in Frameworks */ = {isa = PBXBuildFile; fileRef = 88DC5A631FEA57D800425BDA /* Foundation.framework */; };
		88DC5A661FEA57DE00425BDA /* libobjc.tbd in Frameworks */ = {isa = PBXBuildFile; fileRef = 88DC5A651FEA57DD00425BDA /* libobjc.tbd */; };
		88DC5A681FEA84DD00425BDA /* libMagickWand-7.Q16HDRI.4.dylib in Frameworks */ = {isa = PBXBuildFile; fileRef = 88DC5A671FEA84DD00425BDA /* libMagickWand-7.Q16HDRI.4.dylib */; };
/* End PBXBuildFile section */

/* Begin PBXCopyFilesBuildPhase section */
		88DC5A4F1FE8F48100425BDA /* CopyFiles */ = {
			isa = PBXCopyFilesBuildPhase;
			buildActionMask = 2147483647;
			dstPath = /usr/share/man/man1/;
			dstSubfolderSpec = 0;
			files = (
			);
			runOnlyForDeploymentPostprocessing = 1;
		};
/* End PBXCopyFilesBuildPhase section */

/* Begin PBXFileReference section */
		88DC5A511FE8F48100425BDA /* meh */ = {isa = PBXFileReference; explicitFileType = "compiled.mach-o.executable"; includeInIndex = 0; path = meh; sourceTree = BUILT_PRODUCTS_DIR; };
		88DC5A5C1FE9003E00425BDA /* main.c */ = {isa = PBXFileReference; fileEncoding = 4; lastKnownFileType = sourcecode.c.c; path = main.c; sourceTree = SOURCE_ROOT; };
		88DC5A611FEA57D100425BDA /* Cocoa.framework */ = {isa = PBXFileReference; lastKnownFileType = wrapper.framework; name = Cocoa.framework; path = System/Library/Frameworks/Cocoa.framework; sourceTree = SDKROOT; };
		88DC5A631FEA57D800425BDA /* Foundation.framework */ = {isa = PBXFileReference; lastKnownFileType = wrapper.framework; name = Foundation.framework; path = System/Library/Frameworks/Foundation.framework; sourceTree = SDKROOT; };
		88DC5A651FEA57DD00425BDA /* libobjc.tbd */ = {isa = PBXFileReference; lastKnownFileType = "sourcecode.text-based-dylib-definition"; name = libobjc.tbd; path = usr/lib/libobjc.tbd; sourceTree = SDKROOT; };
		88DC5A671FEA84DD00425BDA /* libMagickWand-7.Q16HDRI.4.dylib */ = {isa = PBXFileReference; lastKnownFileType = "compiled.mach-o.dylib"; name = "libMagickWand-7.Q16HDRI.4.dylib"; path = "../../../../../usr/local/Cellar/imagemagick/7.0.7-11/lib/libMagickWand-7.Q16HDRI.4.dylib"; sourceTree = "<group>"; };
/* End PBXFileReference section */

/* Begin PBXFrameworksBuildPhase section */
		88DC5A4E1FE8F48100425BDA /* Frameworks */ = {
			isa = PBXFrameworksBuildPhase;
			buildActionMask = 2147483647;
			files = (
				88DC5A681FEA84DD00425BDA /* libMagickWand-7.Q16HDRI.4.dylib in Frameworks */,
				88DC5A661FEA57DE00425BDA /* libobjc.tbd in Frameworks */,
				88DC5A641FEA57D800425BDA /* Foundation.framework in Frameworks */,
				88DC5A621FEA57D100425BDA /* Cocoa.framework in Frameworks */,
			);
			runOnlyForDeploymentPostprocessing = 0;
		};
/* End PBXFrameworksBuildPhase section */

/* Begin PBXGroup section */
		88DC5A481FE8F48100425BDA = {
			isa = PBXGroup;
			children = (
				88DC5A531FE8F48100425BDA /* meh */,
				88DC5A521FE8F48100425BDA /* Products */,
				88DC5A601FEA57D100425BDA /* Frameworks */,
			);
			sourceTree = "<group>";
		};
		88DC5A521FE8F48100425BDA /* Products */ = {
			isa = PBXGroup;
			children = (
				88DC5A511FE8F48100425BDA /* meh */,
			);
			name = Products;
			sourceTree = "<group>";
		};
		88DC5A531FE8F48100425BDA /* meh */ = {
			isa = PBXGroup;
			children = (
				88DC5A5C1FE9003E00425BDA /* main.c */,
			);
			path = meh;
			sourceTree = "<group>";
		};
		88DC5A601FEA57D100425BDA /* Frameworks */ = {
			isa = PBXGroup;
			children = (
				88DC5A671FEA84DD00425BDA /* libMagickWand-7.Q16HDRI.4.dylib */,
				88DC5A651FEA57DD00425BDA /* libobjc.tbd */,
				88DC5A631FEA57D800425BDA /* Foundation.framework */,
				88DC5A611FEA57D100425BDA /* Cocoa.framework */,
			);
			name = Frameworks;
			sourceTree = "<group>";
		};
/* End PBXGroup section */

/* Begin PBXNativeTarget section */
		88DC5A501FE8F48100425BDA /* meh */ = {
			isa = PBXNativeTarget;
			buildConfigurationList = 88DC5A581FE8F48100425BDA /* Build configuration list for PBXNativeTarget "meh" */;
			buildPhases = (
				88DC5A4D1FE8F48100425BDA /* Sources */,
				88DC5A4E1FE8F48100425BDA /* Frameworks */,
				88DC5A4F1FE8F48100425BDA /* CopyFiles */,
			);
			buildRules = (
			);
			dependencies = (
			);
			name = meh;
			productName = meh;
			productReference = 88DC5A511FE8F48100425BDA /* meh */;
			productType = "com.apple.product-type.tool";
		};
/* End PBXNativeTarget section */

/* Begin PBXProject section */
		88DC5A491FE8F48100425BDA /* Project object */ = {
			isa = PBXProject;
			attributes = {
				LastUpgradeCheck = 0920;
				ORGANIZATIONNAME = "Rory B. Bellows";
				TargetAttributes = {
					88DC5A501FE8F48100425BDA = {
						CreatedOnToolsVersion = 9.2;
						ProvisioningStyle = Automatic;
					};
				};
			};
			buildConfigurationList = 88DC5A4C1FE8F48100425BDA /* Build configuration list for PBXProject "meh" */;
			compatibilityVersion = "Xcode 8.0";
			developmentRegion = en;
			hasScannedForEncodings = 0;
			knownRegions = (
				en,
			);
			mainGroup = 88DC5A481FE8F48100425BDA;
			productRefGroup = 88DC5A521FE8F48100425BDA /* Products */;
			projectDirPath = "";
			projectRoot = "";
			targets = (
				88DC5A501FE8F48100425BDA /* meh */,
			);
		};
/* End PBXProject section */

/* Begin PBXSourcesBuildPhase section */
		88DC5A4D1FE8F48100425BDA /* Sources */ = {
			isa = PBXSourcesBuildPhase;
			buildActionMask = 2147483647;
			files = (
				88DC5A5E1FE9003E00425BDA /* main.c in Sources */,
			);
			runOnlyForDeploymentPostprocessing = 0;
		};
/* End PBXSourcesBuildPhase section */

/* Begin XCBuildConfiguration section */
		88DC5A561FE8F48100425BDA /* Debug */ = {
			isa = XCBuildConfiguration;
			buildSettings = {
				ALWAYS_SEARCH_USER_PATHS = NO;
				CLANG_ANALYZER_NONNULL = YES;
				CLANG_ANALYZER_NUMBER_OBJECT_CONVERSION = YES_AGGRESSIVE;
				CLANG_CXX_LANGUAGE_STANDARD = "gnu++14";
				CLANG_CXX_LIBRARY = "libc++";
				CLANG_ENABLE_MODULES = YES;
				CLANG_ENABLE_OBJC_ARC = YES;
				CLANG_WARN_BLOCK_CAPTURE_AUTORELEASING = YES;
				CLANG_WARN_BOOL_CONVERSION = YES;
				CLANG_WARN_COMMA = YES;
				CLANG_WARN_CONSTANT_CONVERSION = YES;
				CLANG_WARN_DIRECT_OBJC_ISA_USAGE = YES_ERROR;
				CLANG_WARN_DOCUMENTATION_COMMENTS = YES;
				CLANG_WARN_EMPTY_BODY = YES;
				CLANG_WARN_ENUM_CONVERSION = YES;
				CLANG_WARN_INFINITE_RECURSION = YES;
				CLANG_WARN_INT_CONVERSION = YES;
				CLANG_WARN_NON_LITERAL_NULL_CONVERSION = YES;
				CLANG_WARN_OBJC_LITERAL_CONVERSION = YES;
				CLANG_WARN_OBJC_ROOT_CLASS = YES_ERROR;
				CLANG_WARN_RANGE_LOOP_ANALYSIS = YES;
				CLANG_WARN_STRICT_PROTOTYPES = YES;
				CLANG_WARN_SUSPICIOUS_MOVE = YES;
				CLANG_WARN_UNGUARDED_AVAILABILITY = YES_AGGRESSIVE;
				CLANG_WARN_UNREACHABLE_CODE = YES;
				CLANG_WARN__DUPLICATE_METHOD_MATCH = YES;
				CODE_SIGN_IDENTITY = "-";
				COPY_PHASE_STRIP = NO;
				DEBUG_INFORMATION_FORMAT = dwarf;
				ENABLE_STRICT_OBJC_MSGSEND = YES;
				ENABLE_TESTABILITY = YES;
				GCC_C_LANGUAGE_STANDARD = gnu11;
				GCC_DYNAMIC_NO_PIC = NO;
				GCC_NO_COMMON_BLOCKS = YES;
				GCC_OPTIMIZATION_LEVEL = 0;
				GCC_PREPROCESSOR_DEFINITIONS = (
					"DEBUG=1",
					"$(inherited)",
				);
				GCC_WARN_64_TO_32_BIT_CONVERSION = YES;
				GCC_WARN_ABOUT_RETURN_TYPE = YES_ERROR;
				GCC_WARN_UNDECLARED_SELECTOR = YES;
				GCC_WARN_UNINITIALIZED_AUTOS = YES_AGGRESSIVE;
				GCC_WARN_UNUSED_FUNCTION = YES;
				GCC_WARN_UNUSED_VARIABLE = YES;
				MACOSX_DEPLOYMENT_TARGET = 10.13;
				MTL_ENABLE_DEBUG_INFO = YES;
				ONLY_ACTIVE_ARCH = YES;
				SDKROOT = macosx;
			};
			name = Debug;
		};
		88DC5A571FE8F48100425BDA /* Release */ = {
			isa = XCBuildConfiguration;
			buildSettings = {
				ALWAYS_SEARCH_USER_PATHS = NO;
				CLANG_ANALYZER_NONNULL = YES;
				CLANG_ANALYZER_NUMBER_OBJECT_CONVERSION = YES_AGGRESSIVE;
				CLANG_CXX_LANGUAGE_STANDARD = "gnu++14";
				CLANG_CXX_LIBRARY = "libc++";
				CLANG_ENABLE_MODULES = YES;
				CLANG_ENABLE_OBJC_ARC = YES;
				CLANG_WARN_BLOCK_CAPTURE_AUTORELEASING = YES;
				CLANG_WARN_BOOL_CONVERSION = YES;
				CLANG_WARN_COMMA = YES;
				CLANG_WARN_CONSTANT_CONVERSION = YES;
				CLANG_WARN_DIRECT_OBJC_ISA_USAGE = YES_ERROR;
				CLANG_WARN_DOCUMENTATION_COMMENTS = YES;
				CLANG_WARN_EMPTY_BODY = YES;
				CLANG_WARN_ENUM_CONVERSION = YES;
				CLANG_WARN_INFINITE_RECURSION = YES;
				CLANG_WARN_INT_CONVERSION = YES;
				CLANG_WARN_NON_LITERAL_NULL_CONVERSION = YES;
				CLANG_WARN_OBJC_LITERAL_CONVERSION = YES;
				CLANG_WARN_OBJC_ROOT_CLASS = YES_ERROR;
				CLANG_WARN_RANGE_LOOP_ANALYSIS = YES;
				CLANG_WARN_STRICT_PROTOTYPES = YES;
				CLANG_WARN_SUSPICIOUS_MOVE = YES;
				CLANG_WARN_UNGUARDED_AVAILABILITY = YES_AGGRESSIVE;
				CLANG_WARN_UNREACHABLE_CODE = YES;
				CLANG_WARN__DUPLICATE_METHOD_MATCH = YES;
				CODE_SIGN_IDENTITY = "-";
				COPY_PHASE_STRIP = NO;
				DEBUG_INFORMATION_FORMAT = "dwarf-with-dsym";
				ENABLE_NS_ASSERTIONS = NO;
				ENABLE_STRICT_OBJC_MSGSEND = YES;
				GCC_C_LANGUAGE_STANDARD = gnu11;
				GCC_NO_COMMON_BLOCKS = YES;
				GCC_WARN_64_TO_32_BIT_CONVERSION = YES;
				GCC_WARN_ABOUT_RETURN_TYPE = YES_ERROR;
				GCC_WARN_UNDECLARED_SELECTOR = YES;
				GCC_WARN_UNINITIALIZED_AUTOS = YES_AGGRESSIVE;
				GCC_WARN_UNUSED_FUNCTION = YES;
				GCC_WARN_UNUSED_VARIABLE = YES;
				MACOSX_DEPLOYMENT_TARGET = 10.13;
				MTL_ENABLE_DEBUG_INFO = NO;
				SDKROOT = macosx;
			};
			name = Release;
		};
		88DC5A591FE8F48100425BDA /* Debug */ = {
			isa = XCBuildConfiguration;
			buildSettings = {
				CODE_SIGN_STYLE = Automatic;
				HEADER_SEARCH_PATHS = "/usr/local/include/ImageMagick-7";
				LIBRARY_SEARCH_PATHS = (
					"$(inherited)",
					"/usr/local/Cellar/imagemagick/7.0.7-11/lib",
				);
				PRODUCT_NAME = "$(TARGET_NAME)";
			};
			name = Debug;
		};
		88DC5A5A1FE8F48100425BDA /* Release */ = {
			isa = XCBuildConfiguration;
			buildSettings = {
				CODE_SIGN_STYLE = Automatic;
				HEADER_SEARCH_PATHS = "/usr/local/include/ImageMagick-7";
				LIBRARY_SEARCH_PATHS = (
					"$(inherited)",
					"/usr/local/Cellar/imagemagick/7.0.7-11/lib",
				);
				PRODUCT_NAME = "$(TARGET_NAME)";
			};
			name = Release;
		};
/* End XCBuildConfiguration section */

/* Begin XCConfigurationList section */
		88DC5A4C1FE8F48100425BDA /* Build configuration list for PBXProject "meh" */ = {
			isa = XCConfigurationList;
			buildConfigurations = (
				88DC5A561FE8F48100425BDA /* Debug */,
				88DC5A571FE8F48100425BDA /* Release */,
			);
			defaultConfigurationIsVisible = 0;
			defaultConfigurationName = Release;
		};
		88DC5A581FE8F48100425BDA /* Build configuration list for PBXNativeTarget "meh" */ = {
			isa = XCConfigurationList;
			buildConfigurations = (
				88DC5A591FE8F48100425BDA /* Debug */,
				88DC5A5A1FE8F48100425BDA /* Release */,
			);
			defaultConfigurationIsVisible = 0;
			defaultConfigurationName = Release;
		};
/* End XCConfigurationList section */
	};
	rootObject = 88DC5A491FE8F48100425BDA /* Project object */;
}
